<?xml version="1.0" encoding="utf-8"?>
<Project ToolsVersion="4.0" xmlns="http://schemas.microsoft.com/developer/msbuild/2003">
  <ItemGroup>
    <Filter Include="Archivos de código fuente">
      <UniqueIdentifier>{4FC737F1-C7A5-4376-A066-2A32D752A2FF}</UniqueIdentifier>
      <Extensions>cpp;c;cc;cxx;def;odl;idl;hpj;bat;asm;asmx</Extensions>
    </Filter>
    <Filter Include="Archivos de encabezado">
      <UniqueIdentifier>{93995380-89BD-4b04-88EB-625FBE52EBFB}</UniqueIdentifier>
      <Extensions>h;hh;hpp;hxx;hm;inl;inc;xsd</Extensions>
    </Filter>
    <Filter Include="Archivos de recursos">
      <UniqueIdentifier>{67DA6AB6-F800-4c08-8B7A-83BB121AAD01}</UniqueIdentifier>
      <Extensions>rc;ico;cur;bmp;dlg;rc2;rct;bin;rgs;gif;jpg;jpeg;jpe;resx;tiff;tif;png;wav;mfcribbon-ms</Extensions>
    </Filter>
    <Filter Include="Archivos de código fuente\game">
      <UniqueIdentifier>{e26c2761-e099-4bde-b821-a52340a417a1}</UniqueIdentifier>
    </Filter>
    <Filter Include="Archivos de código fuente\renderer">
      <UniqueIdentifier>{d3f13e08-a187-412d-a7c1-0db38a7bb903}</UniqueIdentifier>
    </Filter>
    <Filter Include="Archivos de código fuente\viewback">
      <UniqueIdentifier>{17d168c0-8ecf-4a36-9bd1-c3fc012d2d75}</UniqueIdentifier>
    </Filter>
    <Filter Include="Archivos de código fuente\net">
      <UniqueIdentifier>{37918fc5-69c0-457f-beb7-5135db80c9d7}</UniqueIdentifier>
    </Filter>
  </ItemGroup>
  <ItemGroup>
    <ClCompile Include="..\..\tinker\client\renderer\shaders.cpp">
      <Filter>Archivos de código fuente\renderer</Filter>
    </ClCompile>
    <ClCompile Include="renderer\ds_renderer.cpp">
      <Filter>Archivos de código fuente\renderer</Filter>
    </ClCompile>
    <ClCompile Include="..\..\tinker\client\renderer\renderer.cpp">
      <Filter>Archivos de código fuente\renderer</Filter>
    </ClCompile>
    <ClCompile Include="..\..\tinker\client\renderer\context.cpp">
      <Filter>Archivos de código fuente\renderer</Filter>
    </ClCompile>
    <ClCompile Include="..\..\..\Viewback\server\viewback.c">
      <Filter>Archivos de código fuente\viewback</Filter>
    </ClCompile>
    <ClCompile Include="..\shared\artist.cpp">
      <Filter>Archivos de código fuente\game</Filter>
    </ClCompile>
    <ClCompile Include="game\c_artist.cpp">
      <Filter>Archivos de código fuente\game</Filter>
    </ClCompile>
    <ClCompile Include="..\..\tinker\assets.cpp">
      <Filter>Archivos de código fuente</Filter>
    </ClCompile>
    <ClCompile Include="ds_main_client.cpp">
      <Filter>Archivos de código fuente</Filter>
    </ClCompile>
    <ClCompile Include="..\..\..\ext-deps\gl3w\src\gl3w.c">
      <Filter>Archivos de código fuente</Filter>
    </ClCompile>
    <ClCompile Include="..\..\tinker\client\net_client.cpp">
      <Filter>Archivos de código fuente\net</Filter>
    </ClCompile>
    <ClCompile Include="..\shared\net_ds.cpp">
      <Filter>Archivos de código fuente\net</Filter>
    </ClCompile>
    <ClCompile Include="..\..\tinker\shared\net_shared.cpp">
      <Filter>Archivos de código fuente\net</Filter>
    </ClCompile>
  </ItemGroup>
</Project>